
Microsoft Visual Studio Solution File, Format Version 12.00
# Visual Studio Version 17
VisualStudioVersion = 17.0.31314.256
MinimumVisualStudioVersion = 10.0.40219.1
Project("{2150E333-8FDC-42A3-9474-1A3956D46DE8}") = "Engine", "Engine", "{233774A8-CC9D-3FA9-86D1-90573E92B704}"
EndProject
Project("{2150E333-8FDC-42A3-9474-1A3956D46DE8}") = "Games", "Games", "{DE1F8B53-6C02-3C13-9101-A7C8D96F3FF6}"
EndProject
Project("{8BC9CEB8-8B4A-11D0-8D11-00A0C91BC942}") = "UE5", "Intermediate\ProjectFiles\UE5.vcxproj", "{8962088C-1BC8-3758-A615-47D26273CF94}"
EndProject
Project("{8BC9CEB8-8B4A-11D0-8D11-00A0C91BC942}") = "VM_Test", "Intermediate\ProjectFiles\VM_Test.vcxproj", "{34B726C9-25B3-3613-8C7F-6C8E7E93574F}"
EndProject
Project("{2150E333-8FDC-42A3-9474-1A3956D46DE8}") = "Visualizers", "Visualizers", "{1CCEC849-CC72-4C59-8C36-2F7C38706D4C}"
	ProjectSection(SolutionItems) = preProject
		..\..\..\..\..\..\Program Files\Epic Games\UE_5.1\Engine\Extras\VisualStudioDebugging\Unreal.natvis = ..\..\..\..\..\..\Program Files\Epic Games\UE_5.1\Engine\Extras\VisualStudioDebugging\Unreal.natvis
	EndProjectSection
EndProject
Global
	GlobalSection(SolutionConfigurationPlatforms) = preSolution
		DebugGame Editor|Android = DebugGame Editor|Android
		DebugGame Editor|Win64 = DebugGame Editor|Win64
		DebugGame Server|Android = DebugGame Server|Android
		DebugGame Server|Win64 = DebugGame Server|Win64
		DebugGame|Android = DebugGame|Android
		DebugGame|Win64 = DebugGame|Win64
		Development Editor|Android = Development Editor|Android
		Development Editor|Win64 = Development Editor|Win64
		Development Server|Android = Development Server|Android
		Development Server|Win64 = Development Server|Win64
		Development|Android = Development|Android
		Development|Win64 = Development|Win64
		Shipping Server|Android = Shipping Server|Android
		Shipping Server|Win64 = Shipping Server|Win64
		Shipping|Android = Shipping|Android
		Shipping|Win64 = Shipping|Win64
	EndGlobalSection
	# UnrealVS Section
	GlobalSection(ddbf523f-7eb6-4887-bd51-85a714ff87eb) = preSolution
		AvailablePlatforms=Win64;Android
	EndGlobalSection
	GlobalSection(ProjectConfigurationPlatforms) = postSolution
		{8962088C-1BC8-3758-A615-47D26273CF94}.DebugGame Editor|Android.ActiveCfg = BuiltWithUnrealBuildTool|Win64
		{8962088C-1BC8-3758-A615-47D26273CF94}.DebugGame Editor|Win64.ActiveCfg = BuiltWithUnrealBuildTool|Win64
		{8962088C-1BC8-3758-A615-47D26273CF94}.DebugGame Server|Android.ActiveCfg = BuiltWithUnrealBuildTool|Win64
		{8962088C-1BC8-3758-A615-47D26273CF94}.DebugGame Server|Win64.ActiveCfg = BuiltWithUnrealBuildTool|Win64
		{8962088C-1BC8-3758-A615-47D26273CF94}.DebugGame|Android.ActiveCfg = BuiltWithUnrealBuildTool|Win64
		{8962088C-1BC8-3758-A615-47D26273CF94}.DebugGame|Win64.ActiveCfg = BuiltWithUnrealBuildTool|Win64
		{8962088C-1BC8-3758-A615-47D26273CF94}.Development Editor|Android.ActiveCfg = BuiltWithUnrealBuildTool|Win64
		{8962088C-1BC8-3758-A615-47D26273CF94}.Development Editor|Win64.ActiveCfg = BuiltWithUnrealBuildTool|Win64
		{8962088C-1BC8-3758-A615-47D26273CF94}.Development Server|Android.ActiveCfg = BuiltWithUnrealBuildTool|Win64
		{8962088C-1BC8-3758-A615-47D26273CF94}.Development Server|Win64.ActiveCfg = BuiltWithUnrealBuildTool|Win64
		{8962088C-1BC8-3758-A615-47D26273CF94}.Development|Android.ActiveCfg = BuiltWithUnrealBuildTool|Win64
		{8962088C-1BC8-3758-A615-47D26273CF94}.Development|Win64.ActiveCfg = BuiltWithUnrealBuildTool|Win64
		{8962088C-1BC8-3758-A615-47D26273CF94}.Shipping Server|Android.ActiveCfg = BuiltWithUnrealBuildTool|Win64
		{8962088C-1BC8-3758-A615-47D26273CF94}.Shipping Server|Win64.ActiveCfg = BuiltWithUnrealBuildTool|Win64
		{8962088C-1BC8-3758-A615-47D26273CF94}.Shipping|Android.ActiveCfg = BuiltWithUnrealBuildTool|Win64
		{8962088C-1BC8-3758-A615-47D26273CF94}.Shipping|Win64.ActiveCfg = BuiltWithUnrealBuildTool|Win64
		{34B726C9-25B3-3613-8C7F-6C8E7E93574F}.DebugGame Editor|Android.ActiveCfg = Invalid|x64
		{34B726C9-25B3-3613-8C7F-6C8E7E93574F}.DebugGame Editor|Win64.ActiveCfg = DebugGame_Editor|x64
		{34B726C9-25B3-3613-8C7F-6C8E7E93574F}.DebugGame Editor|Win64.Build.0 = DebugGame_Editor|x64
		{34B726C9-25B3-3613-8C7F-6C8E7E93574F}.DebugGame Server|Android.ActiveCfg = DebugGame_Server|Android-arm64-v8a
		{34B726C9-25B3-3613-8C7F-6C8E7E93574F}.DebugGame Server|Android.Build.0 = DebugGame_Server|Android-arm64-v8a
		{34B726C9-25B3-3613-8C7F-6C8E7E93574F}.DebugGame Server|Win64.ActiveCfg = DebugGame_Server|x64
		{34B726C9-25B3-3613-8C7F-6C8E7E93574F}.DebugGame Server|Win64.Build.0 = DebugGame_Server|x64
		{34B726C9-25B3-3613-8C7F-6C8E7E93574F}.DebugGame|Android.ActiveCfg = DebugGame|Android-arm64-v8a
		{34B726C9-25B3-3613-8C7F-6C8E7E93574F}.DebugGame|Android.Build.0 = DebugGame|Android-arm64-v8a
		{34B726C9-25B3-3613-8C7F-6C8E7E93574F}.DebugGame|Win64.ActiveCfg = DebugGame|x64
		{34B726C9-25B3-3613-8C7F-6C8E7E93574F}.DebugGame|Win64.Build.0 = DebugGame|x64
		{34B726C9-25B3-3613-8C7F-6C8E7E93574F}.Development Editor|Android.ActiveCfg = Invalid|x64
		{34B726C9-25B3-3613-8C7F-6C8E7E93574F}.Development Editor|Win64.ActiveCfg = Development_Editor|x64
		{34B726C9-25B3-3613-8C7F-6C8E7E93574F}.Development Editor|Win64.Build.0 = Development_Editor|x64
		{34B726C9-25B3-3613-8C7F-6C8E7E93574F}.Development Server|Android.ActiveCfg = Development_Server|Android-arm64-v8a
		{34B726C9-25B3-3613-8C7F-6C8E7E93574F}.Development Server|Android.Build.0 = Development_Server|Android-arm64-v8a
		{34B726C9-25B3-3613-8C7F-6C8E7E93574F}.Development Server|Win64.ActiveCfg = Development_Server|x64
		{34B726C9-25B3-3613-8C7F-6C8E7E93574F}.Development Server|Win64.Build.0 = Development_Server|x64
		{34B726C9-25B3-3613-8C7F-6C8E7E93574F}.Development|Android.ActiveCfg = Development|Android-arm64-v8a
		{34B726C9-25B3-3613-8C7F-6C8E7E93574F}.Development|Android.Build.0 = Development|Android-arm64-v8a
		{34B726C9-25B3-3613-8C7F-6C8E7E93574F}.Development|Win64.ActiveCfg = Development|x64
		{34B726C9-25B3-3613-8C7F-6C8E7E93574F}.Development|Win64.Build.0 = Development|x64
		{34B726C9-25B3-3613-8C7F-6C8E7E93574F}.Shipping Server|Android.ActiveCfg = Shipping_Server|Android-arm64-v8a
		{34B726C9-25B3-3613-8C7F-6C8E7E93574F}.Shipping Server|Android.Build.0 = Shipping_Server|Android-arm64-v8a
		{34B726C9-25B3-3613-8C7F-6C8E7E93574F}.Shipping Server|Win64.ActiveCfg = Shipping_Server|x64
		{34B726C9-25B3-3613-8C7F-6C8E7E93574F}.Shipping Server|Win64.Build.0 = Shipping_Server|x64
		{34B726C9-25B3-3613-8C7F-6C8E7E93574F}.Shipping|Android.ActiveCfg = Shipping|Android-arm64-v8a
		{34B726C9-25B3-3613-8C7F-6C8E7E93574F}.Shipping|Android.Build.0 = Shipping|Android-arm64-v8a
		{34B726C9-25B3-3613-8C7F-6C8E7E93574F}.Shipping|Win64.ActiveCfg = Shipping|x64
		{34B726C9-25B3-3613-8C7F-6C8E7E93574F}.Shipping|Win64.Build.0 = Shipping|x64
	EndGlobalSection
	GlobalSection(SolutionProperties) = preSolution
		HideSolutionNode = FALSE
	EndGlobalSection
	GlobalSection(NestedProjects) = preSolution
		{8962088C-1BC8-3758-A615-47D26273CF94} = {233774A8-CC9D-3FA9-86D1-90573E92B704}
		{34B726C9-25B3-3613-8C7F-6C8E7E93574F} = {DE1F8B53-6C02-3C13-9101-A7C8D96F3FF6}
	EndGlobalSection
EndGlobal
